// !$*UTF8*$!
{
	archiveVersion = 1;
	classes = {
	};
	objectVersion = 48;
	objects = {

/* Begin PBXBuildFile section */
		4D3772F3200934C800C5C554 /* AppDelegate.swift in Sources */ = {isa = PBXBuildFile; fileRef = 4D3772F2200934C800C5C554 /* AppDelegate.swift */; };
		4D3772FA200934C800C5C554 /* Assets.xcassets in Resources */ = {isa = PBXBuildFile; fileRef = 4D3772F9200934C800C5C554 /* Assets.xcassets */; };
		4D3772FD200934C800C5C554 /* LaunchScreen.storyboard in Resources */ = {isa = PBXBuildFile; fileRef = 4D3772FB200934C800C5C554 /* LaunchScreen.storyboard */; };
		4D3773052009357B00C5C554 /* SettingViewController.swift in Sources */ = {isa = PBXBuildFile; fileRef = 4D3773042009357B00C5C554 /* SettingViewController.swift */; };
		4D3773072009358A00C5C554 /* ScienceViewController.swift in Sources */ = {isa = PBXBuildFile; fileRef = 4D3773062009358A00C5C554 /* ScienceViewController.swift */; };
		4D3773092009359400C5C554 /* HomeViewController.swift in Sources */ = {isa = PBXBuildFile; fileRef = 4D3773082009359400C5C554 /* HomeViewController.swift */; };
		4D377313200A35FD00C5C554 /* TransitionManager.swift in Sources */ = {isa = PBXBuildFile; fileRef = 4D377312200A35FD00C5C554 /* TransitionManager.swift */; };
		4DC6AD26201B6C5F00078A34 /* SevenDayTitleCell.swift in Sources */ = {isa = PBXBuildFile; fileRef = 4DC6AD25201B6C5E00078A34 /* SevenDayTitleCell.swift */; };
		4DC6AD28201B748D00078A34 /* GraphTableViewCell.swift in Sources */ = {isa = PBXBuildFile; fileRef = 4DC6AD27201B748D00078A34 /* GraphTableViewCell.swift */; };
		4DC6AD2A201B77D000078A34 /* ListCell.swift in Sources */ = {isa = PBXBuildFile; fileRef = 4DC6AD29201B77D000078A34 /* ListCell.swift */; };
		4DC6AD2C201B807700078A34 /* WarningCell.swift in Sources */ = {isa = PBXBuildFile; fileRef = 4DC6AD2B201B807700078A34 /* WarningCell.swift */; };
		D825D7D1201F201900C9D48A /* fastModel.json in Resources */ = {isa = PBXBuildFile; fileRef = D825D7CD201F1D0E00C9D48A /* fastModel.json */; };
		D84DE51B202060F9005944D0 /* CoreDataManager.swift in Sources */ = {isa = PBXBuildFile; fileRef = D84DE51A202060F9005944D0 /* CoreDataManager.swift */; };
		D8852E3C201F173000DAA366 /* FastModel.swift in Sources */ = {isa = PBXBuildFile; fileRef = D8852E3B201F173000DAA366 /* FastModel.swift */; };
		D887B669201F56A600A50CB7 /* ZeroCopy.xcdatamodeld in Sources */ = {isa = PBXBuildFile; fileRef = D887B667201F56A600A50CB7 /* ZeroCopy.xcdatamodeld */; };
		D88AFCC4201B2EDE009EBF8D /* StartStopCell.swift in Sources */ = {isa = PBXBuildFile; fileRef = D88AFCC3201B2EDE009EBF8D /* StartStopCell.swift */; };
		D8A2F842201895FB0015E3E9 /* HomeHeaderView.swift in Sources */ = {isa = PBXBuildFile; fileRef = D8A2F841201895FB0015E3E9 /* HomeHeaderView.swift */; };
/* End PBXBuildFile section */

/* Begin PBXFileReference section */
		4D3772EF200934C800C5C554 /* ZeroCopy.app */ = {isa = PBXFileReference; explicitFileType = wrapper.application; includeInIndex = 0; path = ZeroCopy.app; sourceTree = BUILT_PRODUCTS_DIR; };
		4D3772F2200934C800C5C554 /* AppDelegate.swift */ = {isa = PBXFileReference; lastKnownFileType = sourcecode.swift; path = AppDelegate.swift; sourceTree = "<group>"; };
		4D3772F9200934C800C5C554 /* Assets.xcassets */ = {isa = PBXFileReference; lastKnownFileType = folder.assetcatalog; path = Assets.xcassets; sourceTree = "<group>"; };
		4D3772FC200934C800C5C554 /* Base */ = {isa = PBXFileReference; lastKnownFileType = file.storyboard; name = Base; path = Base.lproj/LaunchScreen.storyboard; sourceTree = "<group>"; };
		4D3772FE200934C800C5C554 /* Info.plist */ = {isa = PBXFileReference; lastKnownFileType = text.plist.xml; path = Info.plist; sourceTree = "<group>"; };
		4D3773042009357B00C5C554 /* SettingViewController.swift */ = {isa = PBXFileReference; lastKnownFileType = sourcecode.swift; path = SettingViewController.swift; sourceTree = "<group>"; };
		4D3773062009358A00C5C554 /* ScienceViewController.swift */ = {isa = PBXFileReference; lastKnownFileType = sourcecode.swift; path = ScienceViewController.swift; sourceTree = "<group>"; };
		4D3773082009359400C5C554 /* HomeViewController.swift */ = {isa = PBXFileReference; lastKnownFileType = sourcecode.swift; path = HomeViewController.swift; sourceTree = "<group>"; };
		4D377312200A35FD00C5C554 /* TransitionManager.swift */ = {isa = PBXFileReference; lastKnownFileType = sourcecode.swift; path = TransitionManager.swift; sourceTree = "<group>"; };
		4DC6AD25201B6C5E00078A34 /* SevenDayTitleCell.swift */ = {isa = PBXFileReference; lastKnownFileType = sourcecode.swift; path = SevenDayTitleCell.swift; sourceTree = "<group>"; };
		4DC6AD27201B748D00078A34 /* GraphTableViewCell.swift */ = {isa = PBXFileReference; lastKnownFileType = sourcecode.swift; path = GraphTableViewCell.swift; sourceTree = "<group>"; };
		4DC6AD29201B77D000078A34 /* ListCell.swift */ = {isa = PBXFileReference; lastKnownFileType = sourcecode.swift; path = ListCell.swift; sourceTree = "<group>"; };
		4DC6AD2B201B807700078A34 /* WarningCell.swift */ = {isa = PBXFileReference; lastKnownFileType = sourcecode.swift; path = WarningCell.swift; sourceTree = "<group>"; };
		D825D7CD201F1D0E00C9D48A /* fastModel.json */ = {isa = PBXFileReference; lastKnownFileType = text.json; path = fastModel.json; sourceTree = "<group>"; };
		D84DE51A202060F9005944D0 /* CoreDataManager.swift */ = {isa = PBXFileReference; lastKnownFileType = sourcecode.swift; path = CoreDataManager.swift; sourceTree = "<group>"; };
		D8852E3B201F173000DAA366 /* FastModel.swift */ = {isa = PBXFileReference; lastKnownFileType = sourcecode.swift; path = FastModel.swift; sourceTree = "<group>"; };
		D887B668201F56A600A50CB7 /* ZeroCopy.xcdatamodel */ = {isa = PBXFileReference; lastKnownFileType = wrapper.xcdatamodel; path = ZeroCopy.xcdatamodel; sourceTree = "<group>"; };
		D88AFCC3201B2EDE009EBF8D /* StartStopCell.swift */ = {isa = PBXFileReference; lastKnownFileType = sourcecode.swift; path = StartStopCell.swift; sourceTree = "<group>"; };
		D8A2F841201895FB0015E3E9 /* HomeHeaderView.swift */ = {isa = PBXFileReference; lastKnownFileType = sourcecode.swift; path = HomeHeaderView.swift; sourceTree = "<group>"; };
/* End PBXFileReference section */

/* Begin PBXFrameworksBuildPhase section */
		4D3772EC200934C800C5C554 /* Frameworks */ = {
			isa = PBXFrameworksBuildPhase;
			buildActionMask = 2147483647;
			files = (
			);
			runOnlyForDeploymentPostprocessing = 0;
		};
/* End PBXFrameworksBuildPhase section */

/* Begin PBXGroup section */
		4D3772E6200934C800C5C554 = {
			isa = PBXGroup;
			children = (
				4D3772F1200934C800C5C554 /* ZeroCopy */,
				4D3772F0200934C800C5C554 /* Products */,
			);
			sourceTree = "<group>";
		};
		4D3772F0200934C800C5C554 /* Products */ = {
			isa = PBXGroup;
			children = (
				4D3772EF200934C800C5C554 /* ZeroCopy.app */,
			);
			name = Products;
			sourceTree = "<group>";
		};
		4D3772F1200934C800C5C554 /* ZeroCopy */ = {
			isa = PBXGroup;
			children = (
				4D3772F2200934C800C5C554 /* AppDelegate.swift */,
				D887B667201F56A600A50CB7 /* ZeroCopy.xcdatamodeld */,
				D8AF5A422019D448004E1FD4 /* Animations */,
				D8AF5A402019D408004E1FD4 /* Data */,
				D8AF5A3F2019D3C8004E1FD4 /* ViewControllers */,
				D8AF5A412019D427004E1FD4 /* Views */,
				D8852E39201F170A00DAA366 /* Model */,
				D8852E3A201F171800DAA366 /* JSON-WIP */,
				4D3772F9200934C800C5C554 /* Assets.xcassets */,
				4D3772FB200934C800C5C554 /* LaunchScreen.storyboard */,
				4D3772FE200934C800C5C554 /* Info.plist */,
			);
			path = ZeroCopy;
			sourceTree = "<group>";
		};
		D8852E39201F170A00DAA366 /* Model */ = {
			isa = PBXGroup;
			children = (
				D8852E3B201F173000DAA366 /* FastModel.swift */,
			);
			path = Model;
			sourceTree = "<group>";
		};
		D8852E3A201F171800DAA366 /* JSON-WIP */ = {
			isa = PBXGroup;
			children = (
				D825D7CD201F1D0E00C9D48A /* fastModel.json */,
			);
			path = "JSON-WIP";
			sourceTree = "<group>";
		};
		D88AFCC1201B2EA9009EBF8D /* Views */ = {
			isa = PBXGroup;
			children = (
				D8A2F841201895FB0015E3E9 /* HomeHeaderView.swift */,
			);
			path = Views;
			sourceTree = "<group>";
		};
		D88AFCC2201B2EB4009EBF8D /* Cells */ = {
			isa = PBXGroup;
			children = (
				D88AFCC3201B2EDE009EBF8D /* StartStopCell.swift */,
				4DC6AD25201B6C5E00078A34 /* SevenDayTitleCell.swift */,
				4DC6AD27201B748D00078A34 /* GraphTableViewCell.swift */,
				4DC6AD2B201B807700078A34 /* WarningCell.swift */,
				4DC6AD29201B77D000078A34 /* ListCell.swift */,
			);
			path = Cells;
			sourceTree = "<group>";
		};
		D8AF5A3F2019D3C8004E1FD4 /* ViewControllers */ = {
			isa = PBXGroup;
			children = (
				4D3773082009359400C5C554 /* HomeViewController.swift */,
				4D3773042009357B00C5C554 /* SettingViewController.swift */,
				4D3773062009358A00C5C554 /* ScienceViewController.swift */,
			);
			path = ViewControllers;
			sourceTree = "<group>";
		};
		D8AF5A402019D408004E1FD4 /* Data */ = {
			isa = PBXGroup;
			children = (
				D84DE51A202060F9005944D0 /* CoreDataManager.swift */,
			);
			path = Data;
			sourceTree = "<group>";
		};
		D8AF5A412019D427004E1FD4 /* Views */ = {
			isa = PBXGroup;
			children = (
				D88AFCC2201B2EB4009EBF8D /* Cells */,
				D88AFCC1201B2EA9009EBF8D /* Views */,
			);
			path = Views;
			sourceTree = "<group>";
		};
		D8AF5A422019D448004E1FD4 /* Animations */ = {
			isa = PBXGroup;
			children = (
				4D377312200A35FD00C5C554 /* TransitionManager.swift */,
			);
			path = Animations;
			sourceTree = "<group>";
		};
/* End PBXGroup section */

/* Begin PBXNativeTarget section */
		4D3772EE200934C800C5C554 /* ZeroCopy */ = {
			isa = PBXNativeTarget;
			buildConfigurationList = 4D377301200934C800C5C554 /* Build configuration list for PBXNativeTarget "ZeroCopy" */;
			buildPhases = (
				4D3772EB200934C800C5C554 /* Sources */,
				4D3772EC200934C800C5C554 /* Frameworks */,
				4D3772ED200934C800C5C554 /* Resources */,
			);
			buildRules = (
			);
			dependencies = (
			);
			name = ZeroCopy;
			productName = ZeroCopy;
			productReference = 4D3772EF200934C800C5C554 /* ZeroCopy.app */;
			productType = "com.apple.product-type.application";
		};
/* End PBXNativeTarget section */

/* Begin PBXProject section */
		4D3772E7200934C800C5C554 /* Project object */ = {
			isa = PBXProject;
			attributes = {
				LastSwiftUpdateCheck = 0920;
				LastUpgradeCheck = 0920;
				ORGANIZATIONNAME = "Mike Gopsill";
				TargetAttributes = {
					4D3772EE200934C800C5C554 = {
						CreatedOnToolsVersion = 9.2;
						ProvisioningStyle = Automatic;
					};
				};
			};
			buildConfigurationList = 4D3772EA200934C800C5C554 /* Build configuration list for PBXProject "ZeroCopy" */;
			compatibilityVersion = "Xcode 8.0";
			developmentRegion = en;
			hasScannedForEncodings = 0;
			knownRegions = (
				en,
				Base,
			);
			mainGroup = 4D3772E6200934C800C5C554;
			productRefGroup = 4D3772F0200934C800C5C554 /* Products */;
			projectDirPath = "";
			projectRoot = "";
			targets = (
				4D3772EE200934C800C5C554 /* ZeroCopy */,
			);
		};
/* End PBXProject section */

/* Begin PBXResourcesBuildPhase section */
		4D3772ED200934C800C5C554 /* Resources */ = {
			isa = PBXResourcesBuildPhase;
			buildActionMask = 2147483647;
			files = (
				D825D7D1201F201900C9D48A /* fastModel.json in Resources */,
				4D3772FD200934C800C5C554 /* LaunchScreen.storyboard in Resources */,
				4D3772FA200934C800C5C554 /* Assets.xcassets in Resources */,
			);
			runOnlyForDeploymentPostprocessing = 0;
		};
/* End PBXResourcesBuildPhase section */

/* Begin PBXSourcesBuildPhase section */
		4D3772EB200934C800C5C554 /* Sources */ = {
			isa = PBXSourcesBuildPhase;
			buildActionMask = 2147483647;
			files = (
				4D3773092009359400C5C554 /* HomeViewController.swift in Sources */,
				4D377313200A35FD00C5C554 /* TransitionManager.swift in Sources */,
				D88AFCC4201B2EDE009EBF8D /* StartStopCell.swift in Sources */,
				4DC6AD26201B6C5F00078A34 /* SevenDayTitleCell.swift in Sources */,
				4D3772F3200934C800C5C554 /* AppDelegate.swift in Sources */,
				4D3773052009357B00C5C554 /* SettingViewController.swift in Sources */,
				4DC6AD2C201B807700078A34 /* WarningCell.swift in Sources */,
				4DC6AD2A201B77D000078A34 /* ListCell.swift in Sources */,
				4DC6AD28201B748D00078A34 /* GraphTableViewCell.swift in Sources */,
				D8A2F842201895FB0015E3E9 /* HomeHeaderView.swift in Sources */,
				D8852E3C201F173000DAA366 /* FastModel.swift in Sources */,
				D887B669201F56A600A50CB7 /* ZeroCopy.xcdatamodeld in Sources */,
				D84DE51B202060F9005944D0 /* CoreDataManager.swift in Sources */,
				4D3773072009358A00C5C554 /* ScienceViewController.swift in Sources */,
			);
			runOnlyForDeploymentPostprocessing = 0;
		};
/* End PBXSourcesBuildPhase section */

/* Begin PBXVariantGroup section */
		4D3772FB200934C800C5C554 /* LaunchScreen.storyboard */ = {
			isa = PBXVariantGroup;
			children = (
				4D3772FC200934C800C5C554 /* Base */,
			);
			name = LaunchScreen.storyboard;
			sourceTree = "<group>";
		};
/* End PBXVariantGroup section */

/* Begin XCBuildConfiguration section */
		4D3772FF200934C800C5C554 /* Debug */ = {
			isa = XCBuildConfiguration;
			buildSettings = {
				ALWAYS_SEARCH_USER_PATHS = NO;
				CLANG_ANALYZER_NONNULL = YES;
				CLANG_ANALYZER_NUMBER_OBJECT_CONVERSION = YES_AGGRESSIVE;
				CLANG_CXX_LANGUAGE_STANDARD = "gnu++14";
				CLANG_CXX_LIBRARY = "libc++";
				CLANG_ENABLE_MODULES = YES;
				CLANG_ENABLE_OBJC_ARC = YES;
				CLANG_WARN_BLOCK_CAPTURE_AUTORELEASING = YES;
				CLANG_WARN_BOOL_CONVERSION = YES;
				CLANG_WARN_COMMA = YES;
				CLANG_WARN_CONSTANT_CONVERSION = YES;
				CLANG_WARN_DIRECT_OBJC_ISA_USAGE = YES_ERROR;
				CLANG_WARN_DOCUMENTATION_COMMENTS = YES;
				CLANG_WARN_EMPTY_BODY = YES;
				CLANG_WARN_ENUM_CONVERSION = YES;
				CLANG_WARN_INFINITE_RECURSION = YES;
				CLANG_WARN_INT_CONVERSION = YES;
				CLANG_WARN_NON_LITERAL_NULL_CONVERSION = YES;
				CLANG_WARN_OBJC_LITERAL_CONVERSION = YES;
				CLANG_WARN_OBJC_ROOT_CLASS = YES_ERROR;
				CLANG_WARN_RANGE_LOOP_ANALYSIS = YES;
				CLANG_WARN_STRICT_PROTOTYPES = YES;
				CLANG_WARN_SUSPICIOUS_MOVE = YES;
				CLANG_WARN_UNGUARDED_AVAILABILITY = YES_AGGRESSIVE;
				CLANG_WARN_UNREACHABLE_CODE = YES;
				CLANG_WARN__DUPLICATE_METHOD_MATCH = YES;
				CODE_SIGN_IDENTITY = "iPhone Developer";
				COPY_PHASE_STRIP = NO;
				DEBUG_INFORMATION_FORMAT = dwarf;
				ENABLE_STRICT_OBJC_MSGSEND = YES;
				ENABLE_TESTABILITY = YES;
				GCC_C_LANGUAGE_STANDARD = gnu11;
				GCC_DYNAMIC_NO_PIC = NO;
				GCC_NO_COMMON_BLOCKS = YES;
				GCC_OPTIMIZATION_LEVEL = 0;
				GCC_PREPROCESSOR_DEFINITIONS = (
					"DEBUG=1",
					"$(inherited)",
				);
				GCC_WARN_64_TO_32_BIT_CONVERSION = YES;
				GCC_WARN_ABOUT_RETURN_TYPE = YES_ERROR;
				GCC_WARN_UNDECLARED_SELECTOR = YES;
				GCC_WARN_UNINITIALIZED_AUTOS = YES_AGGRESSIVE;
				GCC_WARN_UNUSED_FUNCTION = YES;
				GCC_WARN_UNUSED_VARIABLE = YES;
				IPHONEOS_DEPLOYMENT_TARGET = 11.2;
				MTL_ENABLE_DEBUG_INFO = YES;
				ONLY_ACTIVE_ARCH = YES;
				SDKROOT = iphoneos;
				SWIFT_ACTIVE_COMPILATION_CONDITIONS = DEBUG;
				SWIFT_OPTIMIZATION_LEVEL = "-Onone";
			};
			name = Debug;
		};
		4D377300200934C800C5C554 /* Release */ = {
			isa = XCBuildConfiguration;
			buildSettings = {
				ALWAYS_SEARCH_USER_PATHS = NO;
				CLANG_ANALYZER_NONNULL = YES;
				CLANG_ANALYZER_NUMBER_OBJECT_CONVERSION = YES_AGGRESSIVE;
				CLANG_CXX_LANGUAGE_STANDARD = "gnu++14";
				CLANG_CXX_LIBRARY = "libc++";
				CLANG_ENABLE_MODULES = YES;
				CLANG_ENABLE_OBJC_ARC = YES;
				CLANG_WARN_BLOCK_CAPTURE_AUTORELEASING = YES;
				CLANG_WARN_BOOL_CONVERSION = YES;
				CLANG_WARN_COMMA = YES;
				CLANG_WARN_CONSTANT_CONVERSION = YES;
				CLANG_WARN_DIRECT_OBJC_ISA_USAGE = YES_ERROR;
				CLANG_WARN_DOCUMENTATION_COMMENTS = YES;
				CLANG_WARN_EMPTY_BODY = YES;
				CLANG_WARN_ENUM_CONVERSION = YES;
				CLANG_WARN_INFINITE_RECURSION = YES;
				CLANG_WARN_INT_CONVERSION = YES;
				CLANG_WARN_NON_LITERAL_NULL_CONVERSION = YES;
				CLANG_WARN_OBJC_LITERAL_CONVERSION = YES;
				CLANG_WARN_OBJC_ROOT_CLASS = YES_ERROR;
				CLANG_WARN_RANGE_LOOP_ANALYSIS = YES;
				CLANG_WARN_STRICT_PROTOTYPES = YES;
				CLANG_WARN_SUSPICIOUS_MOVE = YES;
				CLANG_WARN_UNGUARDED_AVAILABILITY = YES_AGGRESSIVE;
				CLANG_WARN_UNREACHABLE_CODE = YES;
				CLANG_WARN__DUPLICATE_METHOD_MATCH = YES;
				CODE_SIGN_IDENTITY = "iPhone Developer";
				COPY_PHASE_STRIP = NO;
				DEBUG_INFORMATION_FORMAT = "dwarf-with-dsym";
				ENABLE_NS_ASSERTIONS = NO;
				ENABLE_STRICT_OBJC_MSGSEND = YES;
				GCC_C_LANGUAGE_STANDARD = gnu11;
				GCC_NO_COMMON_BLOCKS = YES;
				GCC_WARN_64_TO_32_BIT_CONVERSION = YES;
				GCC_WARN_ABOUT_RETURN_TYPE = YES_ERROR;
				GCC_WARN_UNDECLARED_SELECTOR = YES;
				GCC_WARN_UNINITIALIZED_AUTOS = YES_AGGRESSIVE;
				GCC_WARN_UNUSED_FUNCTION = YES;
				GCC_WARN_UNUSED_VARIABLE = YES;
				IPHONEOS_DEPLOYMENT_TARGET = 11.2;
				MTL_ENABLE_DEBUG_INFO = NO;
				SDKROOT = iphoneos;
				SWIFT_OPTIMIZATION_LEVEL = "-Owholemodule";
				VALIDATE_PRODUCT = YES;
			};
			name = Release;
		};
		4D377302200934C800C5C554 /* Debug */ = {
			isa = XCBuildConfiguration;
			buildSettings = {
				ASSETCATALOG_COMPILER_APPICON_NAME = AppIcon;
				CODE_SIGN_STYLE = Automatic;
				DEVELOPMENT_TEAM = EYT7Q6838H;
				INFOPLIST_FILE = ZeroCopy/Info.plist;
				IPHONEOS_DEPLOYMENT_TARGET = 10.3;
				LD_RUNPATH_SEARCH_PATHS = "$(inherited) @executable_path/Frameworks";
				PRODUCT_BUNDLE_IDENTIFIER = com.mikegopsill.ZeroCopy;
				PRODUCT_NAME = "$(TARGET_NAME)";
				SWIFT_VERSION = 4.0;
				TARGETED_DEVICE_FAMILY = 1;
			};
			name = Debug;
		};
		4D377303200934C800C5C554 /* Release */ = {
			isa = XCBuildConfiguration;
			buildSettings = {
				ASSETCATALOG_COMPILER_APPICON_NAME = AppIcon;
				CODE_SIGN_STYLE = Automatic;
				DEVELOPMENT_TEAM = EYT7Q6838H;
				INFOPLIST_FILE = ZeroCopy/Info.plist;
				IPHONEOS_DEPLOYMENT_TARGET = 10.3;
				LD_RUNPATH_SEARCH_PATHS = "$(inherited) @executable_path/Frameworks";
				PRODUCT_BUNDLE_IDENTIFIER = com.mikegopsill.ZeroCopy;
				PRODUCT_NAME = "$(TARGET_NAME)";
				SWIFT_VERSION = 4.0;
				TARGETED_DEVICE_FAMILY = 1;
			};
			name = Release;
		};
/* End XCBuildConfiguration section */

/* Begin XCConfigurationList section */
		4D3772EA200934C800C5C554 /* Build configuration list for PBXProject "ZeroCopy" */ = {
			isa = XCConfigurationList;
			buildConfigurations = (
				4D3772FF200934C800C5C554 /* Debug */,
				4D377300200934C800C5C554 /* Release */,
			);
			defaultConfigurationIsVisible = 0;
			defaultConfigurationName = Release;
		};
		4D377301200934C800C5C554 /* Build configuration list for PBXNativeTarget "ZeroCopy" */ = {
			isa = XCConfigurationList;
			buildConfigurations = (
				4D377302200934C800C5C554 /* Debug */,
				4D377303200934C800C5C554 /* Release */,
			);
			defaultConfigurationIsVisible = 0;
			defaultConfigurationName = Release;
		};
/* End XCConfigurationList section */

/* Begin XCVersionGroup section */
		D887B667201F56A600A50CB7 /* ZeroCopy.xcdatamodeld */ = {
			isa = XCVersionGroup;
			children = (
				D887B668201F56A600A50CB7 /* ZeroCopy.xcdatamodel */,
			);
			currentVersion = D887B668201F56A600A50CB7 /* ZeroCopy.xcdatamodel */;
			path = ZeroCopy.xcdatamodeld;
			sourceTree = "<group>";
			versionGroupType = wrapper.xcdatamodel;
		};
/* End XCVersionGroup section */
	};
	rootObject = 4D3772E7200934C800C5C554 /* Project object */;
}
